
Microsoft Visual Studio Solution File, Format Version 12.00
# Visual Studio Version 17
VisualStudioVersion = 17.3.32825.248
MinimumVisualStudioVersion = 10.0.40219.1
Project("{9A19103F-16F7-4668-BE54-9A1E7A4F7556}") = "VendorInvoicesApp", "VendorInvoicesApp\VendorInvoicesApp.csproj", "{7B851645-3BD0-4131-A57D-945DCEC4D0F8}"
EndProject
Project("{FAE04EC0-301F-11D3-BF4B-00C04F79EFBC}") = "VendorInvoiceLibrary", "VendorInvoiceLibrary\VendorInvoiceLibrary.csproj", "{CA1CAAD8-1D29-4B62-A5B8-71A9F83319FA}"
EndProject
Project("{FAE04EC0-301F-11D3-BF4B-00C04F79EFBC}") = "VendorInvoice.Tests", "VendorInvoice.Tests\VendorInvoice.Tests.csproj", "{D1475D65-F1AA-4C9E-AA10-54A4B333B9FD}"
EndProject
Global
	GlobalSection(SolutionConfigurationPlatforms) = preSolution
		Debug|Any CPU = Debug|Any CPU
		Release|Any CPU = Release|Any CPU
	EndGlobalSection
	GlobalSection(ProjectConfigurationPlatforms) = postSolution
		{7B851645-3BD0-4131-A57D-945DCEC4D0F8}.Debug|Any CPU.ActiveCfg = Debug|Any CPU
		{7B851645-3BD0-4131-A57D-945DCEC4D0F8}.Debug|Any CPU.Build.0 = Debug|Any CPU
		{7B851645-3BD0-4131-A57D-945DCEC4D0F8}.Release|Any CPU.ActiveCfg = Release|Any CPU
		{7B851645-3BD0-4131-A57D-945DCEC4D0F8}.Release|Any CPU.Build.0 = Release|Any CPU
		{CA1CAAD8-1D29-4B62-A5B8-71A9F83319FA}.Debug|Any CPU.ActiveCfg = Debug|Any CPU
		{CA1CAAD8-1D29-4B62-A5B8-71A9F83319FA}.Debug|Any CPU.Build.0 = Debug|Any CPU
		{CA1CAAD8-1D29-4B62-A5B8-71A9F83319FA}.Release|Any CPU.ActiveCfg = Release|Any CPU
		{CA1CAAD8-1D29-4B62-A5B8-71A9F83319FA}.Release|Any CPU.Build.0 = Release|Any CPU
		{D1475D65-F1AA-4C9E-AA10-54A4B333B9FD}.Debug|Any CPU.ActiveCfg = Debug|Any CPU
		{D1475D65-F1AA-4C9E-AA10-54A4B333B9FD}.Debug|Any CPU.Build.0 = Debug|Any CPU
		{D1475D65-F1AA-4C9E-AA10-54A4B333B9FD}.Release|Any CPU.ActiveCfg = Release|Any CPU
		{D1475D65-F1AA-4C9E-AA10-54A4B333B9FD}.Release|Any CPU.Build.0 = Release|Any CPU
	EndGlobalSection
	GlobalSection(SolutionProperties) = preSolution
		HideSolutionNode = FALSE
	EndGlobalSection
	GlobalSection(ExtensibilityGlobals) = postSolution
		SolutionGuid = {C52E73BA-7990-40C9-823B-ADA3144DF570}
	EndGlobalSection
EndGlobal
